
Microsoft Visual Studio Solution File, Format Version 12.00
# Visual Studio Version 16
VisualStudioVersion = 16.0.29905.134
MinimumVisualStudioVersion = 10.0.40219.1
Project("{9A19103F-16F7-4668-BE54-9A1E7A4F7556}") = "ProductService", "ProductService\ProductService.csproj", "{11887B13-477A-422C-A195-555C3223B59D}"
EndProject
Project("{9A19103F-16F7-4668-BE54-9A1E7A4F7556}") = "ConsumerService", "ConsumerService\ConsumerService.csproj", "{18230977-5B32-4B47-B9EA-31EB22C60E82}"
EndProject
Project("{FAE04EC0-301F-11D3-BF4B-00C04F79EFBC}") = "ProductService.Client", "ProductService.Client\ProductService.Client.csproj", "{E0CABA12-1A2C-41F2-A12E-A59DBDF0C141}"
EndProject
Global
	GlobalSection(SolutionConfigurationPlatforms) = preSolution
		Debug|Any CPU = Debug|Any CPU
		Release|Any CPU = Release|Any CPU
	EndGlobalSection
	GlobalSection(ProjectConfigurationPlatforms) = postSolution
		{11887B13-477A-422C-A195-555C3223B59D}.Debug|Any CPU.ActiveCfg = Debug|Any CPU
		{11887B13-477A-422C-A195-555C3223B59D}.Debug|Any CPU.Build.0 = Debug|Any CPU
		{11887B13-477A-422C-A195-555C3223B59D}.Release|Any CPU.ActiveCfg = Release|Any CPU
		{11887B13-477A-422C-A195-555C3223B59D}.Release|Any CPU.Build.0 = Release|Any CPU
		{18230977-5B32-4B47-B9EA-31EB22C60E82}.Debug|Any CPU.ActiveCfg = Debug|Any CPU
		{18230977-5B32-4B47-B9EA-31EB22C60E82}.Debug|Any CPU.Build.0 = Debug|Any CPU
		{18230977-5B32-4B47-B9EA-31EB22C60E82}.Release|Any CPU.ActiveCfg = Release|Any CPU
		{18230977-5B32-4B47-B9EA-31EB22C60E82}.Release|Any CPU.Build.0 = Release|Any CPU
		{E0CABA12-1A2C-41F2-A12E-A59DBDF0C141}.Debug|Any CPU.ActiveCfg = Debug|Any CPU
		{E0CABA12-1A2C-41F2-A12E-A59DBDF0C141}.Debug|Any CPU.Build.0 = Debug|Any CPU
		{E0CABA12-1A2C-41F2-A12E-A59DBDF0C141}.Release|Any CPU.ActiveCfg = Release|Any CPU
		{E0CABA12-1A2C-41F2-A12E-A59DBDF0C141}.Release|Any CPU.Build.0 = Release|Any CPU
	EndGlobalSection
	GlobalSection(SolutionProperties) = preSolution
		HideSolutionNode = FALSE
	EndGlobalSection
	GlobalSection(ExtensibilityGlobals) = postSolution
		SolutionGuid = {A8DC6470-55C1-4050-8648-CD837FA4AD4B}
	EndGlobalSection
EndGlobal
